
Microsoft Visual Studio Solution File, Format Version 12.00
# Visual Studio Version 17
VisualStudioVersion = 17.12.35527.113
MinimumVisualStudioVersion = 10.0.40219.1
Project("{FAE04EC0-301F-11D3-BF4B-00C04F79EFBC}") = "Varastokkr.IdentityAPI", "Varastokkr.IdentityAPI\Varastokkr.IdentityAPI.csproj", "{84879448-6571-4FE2-B580-C6A22F04870B}"
EndProject
Project("{E53339B2-1760-4266-BCC7-CA923CBCF16C}") = "docker-compose", "docker-compose.dcproj", "{CEEEC1C3-E799-4AA9-A189-927EEED2C4A3}"
EndProject
Project("{FAE04EC0-301F-11D3-BF4B-00C04F79EFBC}") = "Varastokkr.Shared", "Varastokkr.Shared\Varastokkr.Shared.csproj", "{ABFF01AC-5DA2-43D1-AE58-4E1B92AC3AD1}"
EndProject
Project("{2150E333-8FDC-42A3-9474-1A3956D46DE8}") = "Solution Items", "Solution Items", "{25346717-483C-4F56-86F0-478BEB62F7A9}"
	ProjectSection(SolutionItems) = preProject
		.editorconfig = .editorconfig
		.env = .env
		Directory.Build.props = Directory.Build.props
		Directory.Packages.props = Directory.Packages.props
		.github\workflows\publish-workflow.yml = .github\workflows\publish-workflow.yml
	EndProjectSection
EndProject
Project("{FAE04EC0-301F-11D3-BF4B-00C04F79EFBC}") = "Varastokkr.ProductsAPI", "Varastokkr.ProductsAPI\Varastokkr.ProductsAPI.csproj", "{8236FDE1-5387-4B2F-814D-62E530294C1B}"
EndProject
Project("{FAE04EC0-301F-11D3-BF4B-00C04F79EFBC}") = "Varastokkr.InventoryAPI", "Varastokkr.InventoryAPI\Varastokkr.InventoryAPI.csproj", "{7D38DC9B-681A-495B-80B1-9E8C4ECB6972}"
EndProject
Global
	GlobalSection(SolutionConfigurationPlatforms) = preSolution
		Debug|Any CPU = Debug|Any CPU
		Release|Any CPU = Release|Any CPU
	EndGlobalSection
	GlobalSection(ProjectConfigurationPlatforms) = postSolution
		{84879448-6571-4FE2-B580-C6A22F04870B}.Debug|Any CPU.ActiveCfg = Debug|Any CPU
		{84879448-6571-4FE2-B580-C6A22F04870B}.Debug|Any CPU.Build.0 = Debug|Any CPU
		{84879448-6571-4FE2-B580-C6A22F04870B}.Release|Any CPU.ActiveCfg = Release|Any CPU
		{84879448-6571-4FE2-B580-C6A22F04870B}.Release|Any CPU.Build.0 = Release|Any CPU
		{CEEEC1C3-E799-4AA9-A189-927EEED2C4A3}.Debug|Any CPU.ActiveCfg = Debug|Any CPU
		{CEEEC1C3-E799-4AA9-A189-927EEED2C4A3}.Debug|Any CPU.Build.0 = Debug|Any CPU
		{CEEEC1C3-E799-4AA9-A189-927EEED2C4A3}.Release|Any CPU.ActiveCfg = Release|Any CPU
		{CEEEC1C3-E799-4AA9-A189-927EEED2C4A3}.Release|Any CPU.Build.0 = Release|Any CPU
		{ABFF01AC-5DA2-43D1-AE58-4E1B92AC3AD1}.Debug|Any CPU.ActiveCfg = Debug|Any CPU
		{ABFF01AC-5DA2-43D1-AE58-4E1B92AC3AD1}.Debug|Any CPU.Build.0 = Debug|Any CPU
		{ABFF01AC-5DA2-43D1-AE58-4E1B92AC3AD1}.Release|Any CPU.ActiveCfg = Release|Any CPU
		{ABFF01AC-5DA2-43D1-AE58-4E1B92AC3AD1}.Release|Any CPU.Build.0 = Release|Any CPU
		{8236FDE1-5387-4B2F-814D-62E530294C1B}.Debug|Any CPU.ActiveCfg = Debug|Any CPU
		{8236FDE1-5387-4B2F-814D-62E530294C1B}.Debug|Any CPU.Build.0 = Debug|Any CPU
		{8236FDE1-5387-4B2F-814D-62E530294C1B}.Release|Any CPU.ActiveCfg = Release|Any CPU
		{8236FDE1-5387-4B2F-814D-62E530294C1B}.Release|Any CPU.Build.0 = Release|Any CPU
		{7D38DC9B-681A-495B-80B1-9E8C4ECB6972}.Debug|Any CPU.ActiveCfg = Debug|Any CPU
		{7D38DC9B-681A-495B-80B1-9E8C4ECB6972}.Debug|Any CPU.Build.0 = Debug|Any CPU
		{7D38DC9B-681A-495B-80B1-9E8C4ECB6972}.Release|Any CPU.ActiveCfg = Release|Any CPU
		{7D38DC9B-681A-495B-80B1-9E8C4ECB6972}.Release|Any CPU.Build.0 = Release|Any CPU
	EndGlobalSection
	GlobalSection(SolutionProperties) = preSolution
		HideSolutionNode = FALSE
	EndGlobalSection
EndGlobal
